// !$*UTF8*$!
{
	archiveVersion = 1;
	classes = {
	};
	objectVersion = 77;
	objects = {

/* Begin PBXBuildFile section */
		485EEA402DD0903900B17EAA /* IntroScreen.swift in Sources */ = {isa = PBXBuildFile; fileRef = 485EEA3E2DD0903900B17EAA /* IntroScreen.swift */; };
		485EEA412DD0903900B17EAA /* Expense_ManagerApp.swift in Sources */ = {isa = PBXBuildFile; fileRef = 485EEA3D2DD0903900B17EAA /* Expense_ManagerApp.swift */; };
		485EEA422DD0903900B17EAA /* ContentView.swift in Sources */ = {isa = PBXBuildFile; fileRef = 485EEA3C2DD0903900B17EAA /* ContentView.swift */; };
		485EEA432DD0903900B17EAA /* Preview Assets.xcassets in Resources */ = {isa = PBXBuildFile; fileRef = 485EEA392DD0903900B17EAA /* Preview Assets.xcassets */; };
		485EEA442DD0903900B17EAA /* Assets.xcassets in Resources */ = {isa = PBXBuildFile; fileRef = 485EEA3B2DD0903900B17EAA /* Assets.xcassets */; };
		485EEA472DD0914E00B17EAA /* IntroScreen+Views.swift in Sources */ = {isa = PBXBuildFile; fileRef = 485EEA462DD0914900B17EAA /* IntroScreen+Views.swift */; };
		485EEA492DD0A56E00B17EAA /* Tab.swift in Sources */ = {isa = PBXBuildFile; fileRef = 485EEA482DD0A56C00B17EAA /* Tab.swift */; };
		485EEA4D2DD0A91400B17EAA /* Constants.swift in Sources */ = {isa = PBXBuildFile; fileRef = 485EEA4C2DD0A91000B17EAA /* Constants.swift */; };
		485EEA632DD0D31E00B17EAA /* Categroy.swift in Sources */ = {isa = PBXBuildFile; fileRef = 485EEA622DD0D31900B17EAA /* Categroy.swift */; };
		485EEA652DD0D38600B17EAA /* Transaction.swift in Sources */ = {isa = PBXBuildFile; fileRef = 485EEA642DD0D38100B17EAA /* Transaction.swift */; };
		485EEA672DD0D49900B17EAA /* TintColor.swift in Sources */ = {isa = PBXBuildFile; fileRef = 485EEA662DD0D49600B17EAA /* TintColor.swift */; };
		485EEA6C2DD0D6AF00B17EAA /* Recents.swift in Sources */ = {isa = PBXBuildFile; fileRef = 485EEA6B2DD0D6AF00B17EAA /* Recents.swift */; };
		485EEA6E2DD0D6BF00B17EAA /* Search.swift in Sources */ = {isa = PBXBuildFile; fileRef = 485EEA6D2DD0D6BF00B17EAA /* Search.swift */; };
		485EEA702DD0D6C800B17EAA /* Charts.swift in Sources */ = {isa = PBXBuildFile; fileRef = 485EEA6F2DD0D6C800B17EAA /* Charts.swift */; };
		485EEA722DD0D6D500B17EAA /* Settings.swift in Sources */ = {isa = PBXBuildFile; fileRef = 485EEA712DD0D6D500B17EAA /* Settings.swift */; };
		485EEA752DD0DEFE00B17EAA /* Recents+Views.swift in Sources */ = {isa = PBXBuildFile; fileRef = 485EEA742DD0DEF800B17EAA /* Recents+Views.swift */; };
		485EEA782DD0DFDF00B17EAA /* View+Extension.swift in Sources */ = {isa = PBXBuildFile; fileRef = 485EEA772DD0DFDA00B17EAA /* View+Extension.swift */; };
		485EEA7A2DD1AF6B00B17EAA /* Date+Extension.swift in Sources */ = {isa = PBXBuildFile; fileRef = 485EEA792DD1AF6400B17EAA /* Date+Extension.swift */; };
/* End PBXBuildFile section */

/* Begin PBXFileReference section */
		485EEA232DD0665900B17EAA /* Expense Manager.app */ = {isa = PBXFileReference; explicitFileType = wrapper.application; includeInIndex = 0; path = "Expense Manager.app"; sourceTree = BUILT_PRODUCTS_DIR; };
		485EEA392DD0903900B17EAA /* Preview Assets.xcassets */ = {isa = PBXFileReference; lastKnownFileType = folder.assetcatalog; path = "Preview Assets.xcassets"; sourceTree = "<group>"; };
		485EEA3B2DD0903900B17EAA /* Assets.xcassets */ = {isa = PBXFileReference; lastKnownFileType = folder.assetcatalog; path = Assets.xcassets; sourceTree = "<group>"; };
		485EEA3C2DD0903900B17EAA /* ContentView.swift */ = {isa = PBXFileReference; lastKnownFileType = sourcecode.swift; path = ContentView.swift; sourceTree = "<group>"; };
		485EEA3D2DD0903900B17EAA /* Expense_ManagerApp.swift */ = {isa = PBXFileReference; lastKnownFileType = sourcecode.swift; path = Expense_ManagerApp.swift; sourceTree = "<group>"; };
		485EEA3E2DD0903900B17EAA /* IntroScreen.swift */ = {isa = PBXFileReference; lastKnownFileType = sourcecode.swift; path = IntroScreen.swift; sourceTree = "<group>"; };
		485EEA462DD0914900B17EAA /* IntroScreen+Views.swift */ = {isa = PBXFileReference; lastKnownFileType = sourcecode.swift; path = "IntroScreen+Views.swift"; sourceTree = "<group>"; };
		485EEA482DD0A56C00B17EAA /* Tab.swift */ = {isa = PBXFileReference; lastKnownFileType = sourcecode.swift; path = Tab.swift; sourceTree = "<group>"; };
		485EEA4C2DD0A91000B17EAA /* Constants.swift */ = {isa = PBXFileReference; lastKnownFileType = sourcecode.swift; path = Constants.swift; sourceTree = "<group>"; };
		485EEA622DD0D31900B17EAA /* Categroy.swift */ = {isa = PBXFileReference; lastKnownFileType = sourcecode.swift; path = Categroy.swift; sourceTree = "<group>"; };
		485EEA642DD0D38100B17EAA /* Transaction.swift */ = {isa = PBXFileReference; lastKnownFileType = sourcecode.swift; path = Transaction.swift; sourceTree = "<group>"; };
		485EEA662DD0D49600B17EAA /* TintColor.swift */ = {isa = PBXFileReference; lastKnownFileType = sourcecode.swift; path = TintColor.swift; sourceTree = "<group>"; };
		485EEA6B2DD0D6AF00B17EAA /* Recents.swift */ = {isa = PBXFileReference; lastKnownFileType = sourcecode.swift; path = Recents.swift; sourceTree = "<group>"; };
		485EEA6D2DD0D6BF00B17EAA /* Search.swift */ = {isa = PBXFileReference; lastKnownFileType = sourcecode.swift; path = Search.swift; sourceTree = "<group>"; };
		485EEA6F2DD0D6C800B17EAA /* Charts.swift */ = {isa = PBXFileReference; lastKnownFileType = sourcecode.swift; path = Charts.swift; sourceTree = "<group>"; };
		485EEA712DD0D6D500B17EAA /* Settings.swift */ = {isa = PBXFileReference; lastKnownFileType = sourcecode.swift; path = Settings.swift; sourceTree = "<group>"; };
		485EEA742DD0DEF800B17EAA /* Recents+Views.swift */ = {isa = PBXFileReference; lastKnownFileType = sourcecode.swift; path = "Recents+Views.swift"; sourceTree = "<group>"; };
		485EEA772DD0DFDA00B17EAA /* View+Extension.swift */ = {isa = PBXFileReference; lastKnownFileType = sourcecode.swift; path = "View+Extension.swift"; sourceTree = "<group>"; };
		485EEA792DD1AF6400B17EAA /* Date+Extension.swift */ = {isa = PBXFileReference; lastKnownFileType = sourcecode.swift; path = "Date+Extension.swift"; sourceTree = "<group>"; };
/* End PBXFileReference section */

/* Begin PBXFrameworksBuildPhase section */
		485EEA202DD0665900B17EAA /* Frameworks */ = {
			isa = PBXFrameworksBuildPhase;
			buildActionMask = 2147483647;
			files = (
			);
			runOnlyForDeploymentPostprocessing = 0;
		};
/* End PBXFrameworksBuildPhase section */

/* Begin PBXGroup section */
		485EEA1A2DD0665900B17EAA = {
			isa = PBXGroup;
			children = (
				485EEA3F2DD0903900B17EAA /* Expense Manager */,
				485EEA242DD0665900B17EAA /* Products */,
			);
			sourceTree = "<group>";
		};
		485EEA242DD0665900B17EAA /* Products */ = {
			isa = PBXGroup;
			children = (
				485EEA232DD0665900B17EAA /* Expense Manager.app */,
			);
			name = Products;
			sourceTree = "<group>";
		};
		485EEA382DD0903900B17EAA /* Views */ = {
			isa = PBXGroup;
			children = (
				485EEA732DD0D70300B17EAA /* Intro */,
				485EEA682DD0D68900B17EAA /* TabViews */,
			);
			path = Views;
			sourceTree = "<group>";
		};
		485EEA3A2DD0903900B17EAA /* Preview Content */ = {
			isa = PBXGroup;
			children = (
				485EEA392DD0903900B17EAA /* Preview Assets.xcassets */,
			);
			path = "Preview Content";
			sourceTree = "<group>";
		};
		485EEA3F2DD0903900B17EAA /* Expense Manager */ = {
			isa = PBXGroup;
			children = (
				485EEA3C2DD0903900B17EAA /* ContentView.swift */,
				485EEA3D2DD0903900B17EAA /* Expense_ManagerApp.swift */,
				485EEA382DD0903900B17EAA /* Views */,
				485EEA452DD0904300B17EAA /* Models */,
				485EEA4A2DD0A90000B17EAA /* Helpers */,
				485EEA3A2DD0903900B17EAA /* Preview Content */,
				485EEA3B2DD0903900B17EAA /* Assets.xcassets */,
			);
			path = "Expense Manager";
			sourceTree = "<group>";
		};
		485EEA452DD0904300B17EAA /* Models */ = {
			isa = PBXGroup;
			children = (
				485EEA482DD0A56C00B17EAA /* Tab.swift */,
				485EEA622DD0D31900B17EAA /* Categroy.swift */,
				485EEA642DD0D38100B17EAA /* Transaction.swift */,
				485EEA662DD0D49600B17EAA /* TintColor.swift */,
			);
			path = Models;
			sourceTree = "<group>";
		};
		485EEA4A2DD0A90000B17EAA /* Helpers */ = {
			isa = PBXGroup;
			children = (
				485EEA4C2DD0A91000B17EAA /* Constants.swift */,
				485EEA772DD0DFDA00B17EAA /* View+Extension.swift */,
				485EEA792DD1AF6400B17EAA /* Date+Extension.swift */,
			);
			path = Helpers;
			sourceTree = "<group>";
		};
		485EEA682DD0D68900B17EAA /* TabViews */ = {
			isa = PBXGroup;
			children = (
				485EEA762DD0DF0200B17EAA /* Recents */,
				485EEA6D2DD0D6BF00B17EAA /* Search.swift */,
				485EEA6F2DD0D6C800B17EAA /* Charts.swift */,
				485EEA712DD0D6D500B17EAA /* Settings.swift */,
			);
			path = TabViews;
			sourceTree = "<group>";
		};
		485EEA732DD0D70300B17EAA /* Intro */ = {
			isa = PBXGroup;
			children = (
				485EEA3E2DD0903900B17EAA /* IntroScreen.swift */,
				485EEA462DD0914900B17EAA /* IntroScreen+Views.swift */,
			);
			path = Intro;
			sourceTree = "<group>";
		};
		485EEA762DD0DF0200B17EAA /* Recents */ = {
			isa = PBXGroup;
			children = (
				485EEA6B2DD0D6AF00B17EAA /* Recents.swift */,
				485EEA742DD0DEF800B17EAA /* Recents+Views.swift */,
			);
			path = Recents;
			sourceTree = "<group>";
		};
/* End PBXGroup section */

/* Begin PBXNativeTarget section */
		485EEA222DD0665900B17EAA /* Expense Manager */ = {
			isa = PBXNativeTarget;
			buildConfigurationList = 485EEA312DD0665A00B17EAA /* Build configuration list for PBXNativeTarget "Expense Manager" */;
			buildPhases = (
				485EEA1F2DD0665900B17EAA /* Sources */,
				485EEA202DD0665900B17EAA /* Frameworks */,
				485EEA212DD0665900B17EAA /* Resources */,
			);
			buildRules = (
			);
			dependencies = (
			);
			name = "Expense Manager";
			packageProductDependencies = (
			);
			productName = "Expense Manager";
			productReference = 485EEA232DD0665900B17EAA /* Expense Manager.app */;
			productType = "com.apple.product-type.application";
		};
/* End PBXNativeTarget section */

/* Begin PBXProject section */
		485EEA1B2DD0665900B17EAA /* Project object */ = {
			isa = PBXProject;
			attributes = {
				BuildIndependentTargetsInParallel = 1;
				LastSwiftUpdateCheck = 1620;
				LastUpgradeCheck = 1620;
				TargetAttributes = {
					485EEA222DD0665900B17EAA = {
						CreatedOnToolsVersion = 16.2;
					};
				};
			};
			buildConfigurationList = 485EEA1E2DD0665900B17EAA /* Build configuration list for PBXProject "Expense Manager" */;
			developmentRegion = en;
			hasScannedForEncodings = 0;
			knownRegions = (
				en,
				Base,
			);
			mainGroup = 485EEA1A2DD0665900B17EAA;
			minimizedProjectReferenceProxies = 1;
			preferredProjectObjectVersion = 77;
			productRefGroup = 485EEA242DD0665900B17EAA /* Products */;
			projectDirPath = "";
			projectRoot = "";
			targets = (
				485EEA222DD0665900B17EAA /* Expense Manager */,
			);
		};
/* End PBXProject section */

/* Begin PBXResourcesBuildPhase section */
		485EEA212DD0665900B17EAA /* Resources */ = {
			isa = PBXResourcesBuildPhase;
			buildActionMask = 2147483647;
			files = (
				485EEA432DD0903900B17EAA /* Preview Assets.xcassets in Resources */,
				485EEA442DD0903900B17EAA /* Assets.xcassets in Resources */,
			);
			runOnlyForDeploymentPostprocessing = 0;
		};
/* End PBXResourcesBuildPhase section */

/* Begin PBXSourcesBuildPhase section */
		485EEA1F2DD0665900B17EAA /* Sources */ = {
			isa = PBXSourcesBuildPhase;
			buildActionMask = 2147483647;
			files = (
				485EEA702DD0D6C800B17EAA /* Charts.swift in Sources */,
				485EEA752DD0DEFE00B17EAA /* Recents+Views.swift in Sources */,
				485EEA6E2DD0D6BF00B17EAA /* Search.swift in Sources */,
				485EEA722DD0D6D500B17EAA /* Settings.swift in Sources */,
				485EEA402DD0903900B17EAA /* IntroScreen.swift in Sources */,
				485EEA7A2DD1AF6B00B17EAA /* Date+Extension.swift in Sources */,
				485EEA412DD0903900B17EAA /* Expense_ManagerApp.swift in Sources */,
				485EEA652DD0D38600B17EAA /* Transaction.swift in Sources */,
				485EEA492DD0A56E00B17EAA /* Tab.swift in Sources */,
				485EEA6C2DD0D6AF00B17EAA /* Recents.swift in Sources */,
				485EEA422DD0903900B17EAA /* ContentView.swift in Sources */,
				485EEA472DD0914E00B17EAA /* IntroScreen+Views.swift in Sources */,
				485EEA4D2DD0A91400B17EAA /* Constants.swift in Sources */,
				485EEA672DD0D49900B17EAA /* TintColor.swift in Sources */,
				485EEA782DD0DFDF00B17EAA /* View+Extension.swift in Sources */,
				485EEA632DD0D31E00B17EAA /* Categroy.swift in Sources */,
			);
			runOnlyForDeploymentPostprocessing = 0;
		};
/* End PBXSourcesBuildPhase section */

/* Begin XCBuildConfiguration section */
		485EEA2F2DD0665A00B17EAA /* Debug */ = {
			isa = XCBuildConfiguration;
			buildSettings = {
				ALWAYS_SEARCH_USER_PATHS = NO;
				ASSETCATALOG_COMPILER_GENERATE_SWIFT_ASSET_SYMBOL_EXTENSIONS = YES;
				CLANG_ANALYZER_NONNULL = YES;
				CLANG_ANALYZER_NUMBER_OBJECT_CONVERSION = YES_AGGRESSIVE;
				CLANG_CXX_LANGUAGE_STANDARD = "gnu++20";
				CLANG_ENABLE_MODULES = YES;
				CLANG_ENABLE_OBJC_ARC = YES;
				CLANG_ENABLE_OBJC_WEAK = YES;
				CLANG_WARN_BLOCK_CAPTURE_AUTORELEASING = YES;
				CLANG_WARN_BOOL_CONVERSION = YES;
				CLANG_WARN_COMMA = YES;
				CLANG_WARN_CONSTANT_CONVERSION = YES;
				CLANG_WARN_DEPRECATED_OBJC_IMPLEMENTATIONS = YES;
				CLANG_WARN_DIRECT_OBJC_ISA_USAGE = YES_ERROR;
				CLANG_WARN_DOCUMENTATION_COMMENTS = YES;
				CLANG_WARN_EMPTY_BODY = YES;
				CLANG_WARN_ENUM_CONVERSION = YES;
				CLANG_WARN_INFINITE_RECURSION = YES;
				CLANG_WARN_INT_CONVERSION = YES;
				CLANG_WARN_NON_LITERAL_NULL_CONVERSION = YES;
				CLANG_WARN_OBJC_IMPLICIT_RETAIN_SELF = YES;
				CLANG_WARN_OBJC_LITERAL_CONVERSION = YES;
				CLANG_WARN_OBJC_ROOT_CLASS = YES_ERROR;
				CLANG_WARN_QUOTED_INCLUDE_IN_FRAMEWORK_HEADER = YES;
				CLANG_WARN_RANGE_LOOP_ANALYSIS = YES;
				CLANG_WARN_STRICT_PROTOTYPES = YES;
				CLANG_WARN_SUSPICIOUS_MOVE = YES;
				CLANG_WARN_UNGUARDED_AVAILABILITY = YES_AGGRESSIVE;
				CLANG_WARN_UNREACHABLE_CODE = YES;
				CLANG_WARN__DUPLICATE_METHOD_MATCH = YES;
				COPY_PHASE_STRIP = NO;
				DEBUG_INFORMATION_FORMAT = dwarf;
				ENABLE_STRICT_OBJC_MSGSEND = YES;
				ENABLE_TESTABILITY = YES;
				ENABLE_USER_SCRIPT_SANDBOXING = YES;
				GCC_C_LANGUAGE_STANDARD = gnu17;
				GCC_DYNAMIC_NO_PIC = NO;
				GCC_NO_COMMON_BLOCKS = YES;
				GCC_OPTIMIZATION_LEVEL = 0;
				GCC_PREPROCESSOR_DEFINITIONS = (
					"DEBUG=1",
					"$(inherited)",
				);
				GCC_WARN_64_TO_32_BIT_CONVERSION = YES;
				GCC_WARN_ABOUT_RETURN_TYPE = YES_ERROR;
				GCC_WARN_UNDECLARED_SELECTOR = YES;
				GCC_WARN_UNINITIALIZED_AUTOS = YES_AGGRESSIVE;
				GCC_WARN_UNUSED_FUNCTION = YES;
				GCC_WARN_UNUSED_VARIABLE = YES;
				IPHONEOS_DEPLOYMENT_TARGET = 18.2;
				LOCALIZATION_PREFERS_STRING_CATALOGS = YES;
				MTL_ENABLE_DEBUG_INFO = INCLUDE_SOURCE;
				MTL_FAST_MATH = YES;
				ONLY_ACTIVE_ARCH = YES;
				SDKROOT = iphoneos;
				SWIFT_ACTIVE_COMPILATION_CONDITIONS = "DEBUG $(inherited)";
				SWIFT_OPTIMIZATION_LEVEL = "-Onone";
			};
			name = Debug;
		};
		485EEA302DD0665A00B17EAA /* Release */ = {
			isa = XCBuildConfiguration;
			buildSettings = {
				ALWAYS_SEARCH_USER_PATHS = NO;
				ASSETCATALOG_COMPILER_GENERATE_SWIFT_ASSET_SYMBOL_EXTENSIONS = YES;
				CLANG_ANALYZER_NONNULL = YES;
				CLANG_ANALYZER_NUMBER_OBJECT_CONVERSION = YES_AGGRESSIVE;
				CLANG_CXX_LANGUAGE_STANDARD = "gnu++20";
				CLANG_ENABLE_MODULES = YES;
				CLANG_ENABLE_OBJC_ARC = YES;
				CLANG_ENABLE_OBJC_WEAK = YES;
				CLANG_WARN_BLOCK_CAPTURE_AUTORELEASING = YES;
				CLANG_WARN_BOOL_CONVERSION = YES;
				CLANG_WARN_COMMA = YES;
				CLANG_WARN_CONSTANT_CONVERSION = YES;
				CLANG_WARN_DEPRECATED_OBJC_IMPLEMENTATIONS = YES;
				CLANG_WARN_DIRECT_OBJC_ISA_USAGE = YES_ERROR;
				CLANG_WARN_DOCUMENTATION_COMMENTS = YES;
				CLANG_WARN_EMPTY_BODY = YES;
				CLANG_WARN_ENUM_CONVERSION = YES;
				CLANG_WARN_INFINITE_RECURSION = YES;
				CLANG_WARN_INT_CONVERSION = YES;
				CLANG_WARN_NON_LITERAL_NULL_CONVERSION = YES;
				CLANG_WARN_OBJC_IMPLICIT_RETAIN_SELF = YES;
				CLANG_WARN_OBJC_LITERAL_CONVERSION = YES;
				CLANG_WARN_OBJC_ROOT_CLASS = YES_ERROR;
				CLANG_WARN_QUOTED_INCLUDE_IN_FRAMEWORK_HEADER = YES;
				CLANG_WARN_RANGE_LOOP_ANALYSIS = YES;
				CLANG_WARN_STRICT_PROTOTYPES = YES;
				CLANG_WARN_SUSPICIOUS_MOVE = YES;
				CLANG_WARN_UNGUARDED_AVAILABILITY = YES_AGGRESSIVE;
				CLANG_WARN_UNREACHABLE_CODE = YES;
				CLANG_WARN__DUPLICATE_METHOD_MATCH = YES;
				COPY_PHASE_STRIP = NO;
				DEBUG_INFORMATION_FORMAT = "dwarf-with-dsym";
				ENABLE_NS_ASSERTIONS = NO;
				ENABLE_STRICT_OBJC_MSGSEND = YES;
				ENABLE_USER_SCRIPT_SANDBOXING = YES;
				GCC_C_LANGUAGE_STANDARD = gnu17;
				GCC_NO_COMMON_BLOCKS = YES;
				GCC_WARN_64_TO_32_BIT_CONVERSION = YES;
				GCC_WARN_ABOUT_RETURN_TYPE = YES_ERROR;
				GCC_WARN_UNDECLARED_SELECTOR = YES;
				GCC_WARN_UNINITIALIZED_AUTOS = YES_AGGRESSIVE;
				GCC_WARN_UNUSED_FUNCTION = YES;
				GCC_WARN_UNUSED_VARIABLE = YES;
				IPHONEOS_DEPLOYMENT_TARGET = 18.2;
				LOCALIZATION_PREFERS_STRING_CATALOGS = YES;
				MTL_ENABLE_DEBUG_INFO = NO;
				MTL_FAST_MATH = YES;
				SDKROOT = iphoneos;
				SWIFT_COMPILATION_MODE = wholemodule;
				VALIDATE_PRODUCT = YES;
			};
			name = Release;
		};
		485EEA322DD0665A00B17EAA /* Debug */ = {
			isa = XCBuildConfiguration;
			buildSettings = {
				ASSETCATALOG_COMPILER_APPICON_NAME = AppIcon;
				ASSETCATALOG_COMPILER_GLOBAL_ACCENT_COLOR_NAME = AccentColor;
				CODE_SIGN_STYLE = Automatic;
				CURRENT_PROJECT_VERSION = 1;
				DEVELOPMENT_ASSET_PATHS = "\"Expense Manager/Preview Content\"";
				DEVELOPMENT_TEAM = 63N9M44LL4;
				ENABLE_PREVIEWS = YES;
				GENERATE_INFOPLIST_FILE = YES;
				INFOPLIST_KEY_UIApplicationSceneManifest_Generation = YES;
				INFOPLIST_KEY_UIApplicationSupportsIndirectInputEvents = YES;
				INFOPLIST_KEY_UILaunchScreen_Generation = YES;
				INFOPLIST_KEY_UISupportedInterfaceOrientations_iPad = "UIInterfaceOrientationPortrait UIInterfaceOrientationPortraitUpsideDown UIInterfaceOrientationLandscapeLeft UIInterfaceOrientationLandscapeRight";
				INFOPLIST_KEY_UISupportedInterfaceOrientations_iPhone = "UIInterfaceOrientationPortrait UIInterfaceOrientationLandscapeLeft UIInterfaceOrientationLandscapeRight";
				LD_RUNPATH_SEARCH_PATHS = (
					"$(inherited)",
					"@executable_path/Frameworks",
				);
				MARKETING_VERSION = 1.0;
				PRODUCT_BUNDLE_IDENTIFIER = "com.vvaditya23.Expense-Manager";
				PRODUCT_NAME = "$(TARGET_NAME)";
				SWIFT_EMIT_LOC_STRINGS = YES;
				SWIFT_VERSION = 5.0;
				TARGETED_DEVICE_FAMILY = "1,2";
			};
			name = Debug;
		};
		485EEA332DD0665A00B17EAA /* Release */ = {
			isa = XCBuildConfiguration;
			buildSettings = {
				ASSETCATALOG_COMPILER_APPICON_NAME = AppIcon;
				ASSETCATALOG_COMPILER_GLOBAL_ACCENT_COLOR_NAME = AccentColor;
				CODE_SIGN_STYLE = Automatic;
				CURRENT_PROJECT_VERSION = 1;
				DEVELOPMENT_ASSET_PATHS = "\"Expense Manager/Preview Content\"";
				DEVELOPMENT_TEAM = 63N9M44LL4;
				ENABLE_PREVIEWS = YES;
				GENERATE_INFOPLIST_FILE = YES;
				INFOPLIST_KEY_UIApplicationSceneManifest_Generation = YES;
				INFOPLIST_KEY_UIApplicationSupportsIndirectInputEvents = YES;
				INFOPLIST_KEY_UILaunchScreen_Generation = YES;
				INFOPLIST_KEY_UISupportedInterfaceOrientations_iPad = "UIInterfaceOrientationPortrait UIInterfaceOrientationPortraitUpsideDown UIInterfaceOrientationLandscapeLeft UIInterfaceOrientationLandscapeRight";
				INFOPLIST_KEY_UISupportedInterfaceOrientations_iPhone = "UIInterfaceOrientationPortrait UIInterfaceOrientationLandscapeLeft UIInterfaceOrientationLandscapeRight";
				LD_RUNPATH_SEARCH_PATHS = (
					"$(inherited)",
					"@executable_path/Frameworks",
				);
				MARKETING_VERSION = 1.0;
				PRODUCT_BUNDLE_IDENTIFIER = "com.vvaditya23.Expense-Manager";
				PRODUCT_NAME = "$(TARGET_NAME)";
				SWIFT_EMIT_LOC_STRINGS = YES;
				SWIFT_VERSION = 5.0;
				TARGETED_DEVICE_FAMILY = "1,2";
			};
			name = Release;
		};
/* End XCBuildConfiguration section */

/* Begin XCConfigurationList section */
		485EEA1E2DD0665900B17EAA /* Build configuration list for PBXProject "Expense Manager" */ = {
			isa = XCConfigurationList;
			buildConfigurations = (
				485EEA2F2DD0665A00B17EAA /* Debug */,
				485EEA302DD0665A00B17EAA /* Release */,
			);
			defaultConfigurationIsVisible = 0;
			defaultConfigurationName = Release;
		};
		485EEA312DD0665A00B17EAA /* Build configuration list for PBXNativeTarget "Expense Manager" */ = {
			isa = XCConfigurationList;
			buildConfigurations = (
				485EEA322DD0665A00B17EAA /* Debug */,
				485EEA332DD0665A00B17EAA /* Release */,
			);
			defaultConfigurationIsVisible = 0;
			defaultConfigurationName = Release;
		};
/* End XCConfigurationList section */
	};
	rootObject = 485EEA1B2DD0665900B17EAA /* Project object */;
}
